apiVersion: vendir.k14s.io/v1alpha1
directories:
- contents:
  - git:
      commitTitle: 'chore(release): [ci skip] bump quickstart image to sha256@e1fc850ff6ef0f11a289300320f307728c724718727d7738b6703febd86f41b5'
      sha: e18e25693843da91329eb90d1f007e35ae5ceba4
      tags:
      - 0.21.115
    path: blink-quickstart
  path: vendor
kind: LockConfig
